
Microsoft Visual Studio Solution File, Format Version 11.00
# Visual Studio 2010
Project("{FAE04EC0-301F-11D3-BF4B-00C04F79EFBC}") = "DotConsole.Tests", "src\DotConsole.Tests\DotConsole.Tests.csproj", "{FBDF150D-C91F-4536-A3D5-7A293C5E4B3D}"
EndProject
Project("{FAE04EC0-301F-11D3-BF4B-00C04F79EFBC}") = "DotConsole.Sample", "src\DotConsole.Sample\DotConsole.Sample.csproj", "{B0F762A3-11CF-4930-B84B-BDF7F88ADE3C}"
EndProject
Project("{FAE04EC0-301F-11D3-BF4B-00C04F79EFBC}") = "DotConsole", "src\DotConsole\DotConsole.csproj", "{00309610-7DBC-4BED-9472-020A659A5FD3}"
EndProject
Project("{2150E333-8FDC-42A3-9474-1A3956D46DE8}") = "docs", "docs", "{1B2D761D-FFF6-4970-A4D1-A2464887001A}"
	ProjectSection(SolutionItems) = preProject
		CHANGELOG.txt = CHANGELOG.txt
		CONTRIBUTORS.txt = CONTRIBUTORS.txt
		LICENSE.txt = LICENSE.txt
	EndProjectSection
EndProject
Global
	GlobalSection(SolutionConfigurationPlatforms) = preSolution
		Debug|Any CPU = Debug|Any CPU
		Debug|Mixed Platforms = Debug|Mixed Platforms
		Debug|x86 = Debug|x86
		Release|Any CPU = Release|Any CPU
		Release|Mixed Platforms = Release|Mixed Platforms
		Release|x86 = Release|x86
	EndGlobalSection
	GlobalSection(ProjectConfigurationPlatforms) = postSolution
		{FBDF150D-C91F-4536-A3D5-7A293C5E4B3D}.Debug|Any CPU.ActiveCfg = Debug|Any CPU
		{FBDF150D-C91F-4536-A3D5-7A293C5E4B3D}.Debug|Any CPU.Build.0 = Debug|Any CPU
		{FBDF150D-C91F-4536-A3D5-7A293C5E4B3D}.Debug|Mixed Platforms.ActiveCfg = Debug|Any CPU
		{FBDF150D-C91F-4536-A3D5-7A293C5E4B3D}.Debug|Mixed Platforms.Build.0 = Debug|Any CPU
		{FBDF150D-C91F-4536-A3D5-7A293C5E4B3D}.Debug|x86.ActiveCfg = Debug|Any CPU
		{FBDF150D-C91F-4536-A3D5-7A293C5E4B3D}.Release|Any CPU.ActiveCfg = Release|Any CPU
		{FBDF150D-C91F-4536-A3D5-7A293C5E4B3D}.Release|Any CPU.Build.0 = Release|Any CPU
		{FBDF150D-C91F-4536-A3D5-7A293C5E4B3D}.Release|Mixed Platforms.ActiveCfg = Release|Any CPU
		{FBDF150D-C91F-4536-A3D5-7A293C5E4B3D}.Release|Mixed Platforms.Build.0 = Release|Any CPU
		{FBDF150D-C91F-4536-A3D5-7A293C5E4B3D}.Release|x86.ActiveCfg = Release|Any CPU
		{B0F762A3-11CF-4930-B84B-BDF7F88ADE3C}.Debug|Any CPU.ActiveCfg = Debug|x86
		{B0F762A3-11CF-4930-B84B-BDF7F88ADE3C}.Debug|Mixed Platforms.ActiveCfg = Debug|x86
		{B0F762A3-11CF-4930-B84B-BDF7F88ADE3C}.Debug|Mixed Platforms.Build.0 = Debug|x86
		{B0F762A3-11CF-4930-B84B-BDF7F88ADE3C}.Debug|x86.ActiveCfg = Debug|x86
		{B0F762A3-11CF-4930-B84B-BDF7F88ADE3C}.Debug|x86.Build.0 = Debug|x86
		{B0F762A3-11CF-4930-B84B-BDF7F88ADE3C}.Release|Any CPU.ActiveCfg = Release|x86
		{B0F762A3-11CF-4930-B84B-BDF7F88ADE3C}.Release|Mixed Platforms.ActiveCfg = Release|x86
		{B0F762A3-11CF-4930-B84B-BDF7F88ADE3C}.Release|Mixed Platforms.Build.0 = Release|x86
		{B0F762A3-11CF-4930-B84B-BDF7F88ADE3C}.Release|x86.ActiveCfg = Release|x86
		{B0F762A3-11CF-4930-B84B-BDF7F88ADE3C}.Release|x86.Build.0 = Release|x86
		{00309610-7DBC-4BED-9472-020A659A5FD3}.Debug|Any CPU.ActiveCfg = Debug|Any CPU
		{00309610-7DBC-4BED-9472-020A659A5FD3}.Debug|Any CPU.Build.0 = Debug|Any CPU
		{00309610-7DBC-4BED-9472-020A659A5FD3}.Debug|Mixed Platforms.ActiveCfg = Debug|Any CPU
		{00309610-7DBC-4BED-9472-020A659A5FD3}.Debug|Mixed Platforms.Build.0 = Debug|Any CPU
		{00309610-7DBC-4BED-9472-020A659A5FD3}.Debug|x86.ActiveCfg = Debug|Any CPU
		{00309610-7DBC-4BED-9472-020A659A5FD3}.Release|Any CPU.ActiveCfg = Release|Any CPU
		{00309610-7DBC-4BED-9472-020A659A5FD3}.Release|Any CPU.Build.0 = Release|Any CPU
		{00309610-7DBC-4BED-9472-020A659A5FD3}.Release|Mixed Platforms.ActiveCfg = Release|Any CPU
		{00309610-7DBC-4BED-9472-020A659A5FD3}.Release|Mixed Platforms.Build.0 = Release|Any CPU
		{00309610-7DBC-4BED-9472-020A659A5FD3}.Release|x86.ActiveCfg = Release|Any CPU
	EndGlobalSection
	GlobalSection(SolutionProperties) = preSolution
		HideSolutionNode = FALSE
	EndGlobalSection
EndGlobal
